
Microsoft Visual Studio Solution File, Format Version 12.00
# Visual Studio Version 17
VisualStudioVersion = 17.14.36408.4
MinimumVisualStudioVersion = 10.0.40219.1
Project("{FAE04EC0-301F-11D3-BF4B-00C04F79EFBC}") = "Monitor", "Monitor\Monitor.csproj", "{EC74F470-48CF-4CA9-BCB6-F47CB7997EF8}"
EndProject
Project("{FAE04EC0-301F-11D3-BF4B-00C04F79EFBC}") = "Mutex", "Mutex\Mutex.csproj", "{FE664C91-18B5-4F19-B9C5-A7AED513B8A9}"
EndProject
Project("{FAE04EC0-301F-11D3-BF4B-00C04F79EFBC}") = "SpinLock", "SpinLock\SpinLock.csproj", "{88509F42-6CF7-4044-8A55-671DAA1EA3D9}"
EndProject
Project("{FAE04EC0-301F-11D3-BF4B-00C04F79EFBC}") = "InterLock", "InterLock\InterLock.csproj", "{97519443-F782-44A6-A9DF-7828896167BE}"
EndProject
Project("{FAE04EC0-301F-11D3-BF4B-00C04F79EFBC}") = "AutoResetEvent", "AutoResetEvent\AutoResetEvent.csproj", "{6520BA8B-DE6C-437C-BFA0-4F98DE09C2EB}"
EndProject
Project("{FAE04EC0-301F-11D3-BF4B-00C04F79EFBC}") = "ManualResetEvent", "ManualResetEvent\ManualResetEvent.csproj", "{60D4046A-A8CB-4A33-8958-4CE0CBDB14E0}"
EndProject
Project("{FAE04EC0-301F-11D3-BF4B-00C04F79EFBC}") = "Semaphore", "Semaphore\Semaphore.csproj", "{719B3ACF-6F3C-4D0F-92AE-1A642AA95F72}"
EndProject
Project("{FAE04EC0-301F-11D3-BF4B-00C04F79EFBC}") = "CountdownEvent", "CountdownEvent\CountdownEvent.csproj", "{14DF1698-2302-40E1-B1E8-A5D0E525D2DB}"
EndProject
Global
	GlobalSection(SolutionConfigurationPlatforms) = preSolution
		Debug|Any CPU = Debug|Any CPU
		Release|Any CPU = Release|Any CPU
	EndGlobalSection
	GlobalSection(ProjectConfigurationPlatforms) = postSolution
		{EC74F470-48CF-4CA9-BCB6-F47CB7997EF8}.Debug|Any CPU.ActiveCfg = Debug|Any CPU
		{EC74F470-48CF-4CA9-BCB6-F47CB7997EF8}.Debug|Any CPU.Build.0 = Debug|Any CPU
		{EC74F470-48CF-4CA9-BCB6-F47CB7997EF8}.Release|Any CPU.ActiveCfg = Release|Any CPU
		{EC74F470-48CF-4CA9-BCB6-F47CB7997EF8}.Release|Any CPU.Build.0 = Release|Any CPU
		{FE664C91-18B5-4F19-B9C5-A7AED513B8A9}.Debug|Any CPU.ActiveCfg = Debug|Any CPU
		{FE664C91-18B5-4F19-B9C5-A7AED513B8A9}.Debug|Any CPU.Build.0 = Debug|Any CPU
		{FE664C91-18B5-4F19-B9C5-A7AED513B8A9}.Release|Any CPU.ActiveCfg = Release|Any CPU
		{FE664C91-18B5-4F19-B9C5-A7AED513B8A9}.Release|Any CPU.Build.0 = Release|Any CPU
		{88509F42-6CF7-4044-8A55-671DAA1EA3D9}.Debug|Any CPU.ActiveCfg = Debug|Any CPU
		{88509F42-6CF7-4044-8A55-671DAA1EA3D9}.Debug|Any CPU.Build.0 = Debug|Any CPU
		{88509F42-6CF7-4044-8A55-671DAA1EA3D9}.Release|Any CPU.ActiveCfg = Release|Any CPU
		{88509F42-6CF7-4044-8A55-671DAA1EA3D9}.Release|Any CPU.Build.0 = Release|Any CPU
		{97519443-F782-44A6-A9DF-7828896167BE}.Debug|Any CPU.ActiveCfg = Debug|Any CPU
		{97519443-F782-44A6-A9DF-7828896167BE}.Debug|Any CPU.Build.0 = Debug|Any CPU
		{97519443-F782-44A6-A9DF-7828896167BE}.Release|Any CPU.ActiveCfg = Release|Any CPU
		{97519443-F782-44A6-A9DF-7828896167BE}.Release|Any CPU.Build.0 = Release|Any CPU
		{6520BA8B-DE6C-437C-BFA0-4F98DE09C2EB}.Debug|Any CPU.ActiveCfg = Debug|Any CPU
		{6520BA8B-DE6C-437C-BFA0-4F98DE09C2EB}.Debug|Any CPU.Build.0 = Debug|Any CPU
		{6520BA8B-DE6C-437C-BFA0-4F98DE09C2EB}.Release|Any CPU.ActiveCfg = Release|Any CPU
		{6520BA8B-DE6C-437C-BFA0-4F98DE09C2EB}.Release|Any CPU.Build.0 = Release|Any CPU
		{60D4046A-A8CB-4A33-8958-4CE0CBDB14E0}.Debug|Any CPU.ActiveCfg = Debug|Any CPU
		{60D4046A-A8CB-4A33-8958-4CE0CBDB14E0}.Debug|Any CPU.Build.0 = Debug|Any CPU
		{60D4046A-A8CB-4A33-8958-4CE0CBDB14E0}.Release|Any CPU.ActiveCfg = Release|Any CPU
		{60D4046A-A8CB-4A33-8958-4CE0CBDB14E0}.Release|Any CPU.Build.0 = Release|Any CPU
		{719B3ACF-6F3C-4D0F-92AE-1A642AA95F72}.Debug|Any CPU.ActiveCfg = Debug|Any CPU
		{719B3ACF-6F3C-4D0F-92AE-1A642AA95F72}.Debug|Any CPU.Build.0 = Debug|Any CPU
		{719B3ACF-6F3C-4D0F-92AE-1A642AA95F72}.Release|Any CPU.ActiveCfg = Release|Any CPU
		{719B3ACF-6F3C-4D0F-92AE-1A642AA95F72}.Release|Any CPU.Build.0 = Release|Any CPU
		{14DF1698-2302-40E1-B1E8-A5D0E525D2DB}.Debug|Any CPU.ActiveCfg = Debug|Any CPU
		{14DF1698-2302-40E1-B1E8-A5D0E525D2DB}.Debug|Any CPU.Build.0 = Debug|Any CPU
		{14DF1698-2302-40E1-B1E8-A5D0E525D2DB}.Release|Any CPU.ActiveCfg = Release|Any CPU
		{14DF1698-2302-40E1-B1E8-A5D0E525D2DB}.Release|Any CPU.Build.0 = Release|Any CPU
	EndGlobalSection
	GlobalSection(SolutionProperties) = preSolution
		HideSolutionNode = FALSE
	EndGlobalSection
	GlobalSection(ExtensibilityGlobals) = postSolution
		SolutionGuid = {5202BB7A-8007-4805-AA88-66602E9FA557}
	EndGlobalSection
EndGlobal
